<?xml version="1.0" encoding="utf-8"?>
<Project ToolsVersion="4.0" xmlns="http://schemas.microsoft.com/developer/msbuild/2003">
  <ItemGroup>
    <Filter Include="源文件">
      <UniqueIdentifier>{4FC737F1-C7A5-4376-A066-2A32D752A2FF}</UniqueIdentifier>
      <Extensions>cpp;c;cc;cxx;c++;cppm;ixx;def;odl;idl;hpj;bat;asm;asmx</Extensions>
    </Filter>
    <Filter Include="头文件">
      <UniqueIdentifier>{93995380-89BD-4b04-88EB-625FBE52EBFB}</UniqueIdentifier>
      <Extensions>h;hh;hpp;hxx;h++;hm;inl;inc;ipp;xsd</Extensions>
    </Filter>
    <Filter Include="资源文件">
      <UniqueIdentifier>{67DA6AB6-F800-4c08-8B7A-83BB121AAD01}</UniqueIdentifier>
      <Extensions>rc;ico;cur;bmp;dlg;rc2;rct;bin;rgs;gif;jpg;jpeg;jpe;resx;tiff;tif;png;wav;mfcribbon-ms</Extensions>
    </Filter>
    <Filter Include="源文件\洛谷">
      <UniqueIdentifier>{a90f8587-869a-4d91-abc7-766fbf89cacd}</UniqueIdentifier>
    </Filter>
    <Filter Include="源文件\样例">
      <UniqueIdentifier>{df9099c6-4aa8-4846-ae19-68cdf7c29d0a}</UniqueIdentifier>
    </Filter>
    <Filter Include="资源文件\洛谷测试点">
      <UniqueIdentifier>{8c9ccbf3-d228-4a0c-b639-79d275cf9ba3}</UniqueIdentifier>
    </Filter>
  </ItemGroup>
  <ItemGroup>
    <ClCompile Include="模板.cpp">
      <Filter>资源文件</Filter>
    </ClCompile>
    <ClCompile Include="树状数组.cpp">
      <Filter>源文件\样例</Filter>
    </ClCompile>
    <ClCompile Include="图-拓扑排序BFS.cpp">
      <Filter>源文件\样例</Filter>
    </ClCompile>
    <ClCompile Include="图-拓扑排序DFS.cpp">
      <Filter>源文件\样例</Filter>
    </ClCompile>
    <ClCompile Include="图-最近公共祖先 LCA 倍增优化.cpp">
      <Filter>源文件\样例</Filter>
    </ClCompile>
    <ClCompile Include="P1073 [NOIP2009 提高组] 最优贸易.cpp">
      <Filter>源文件\洛谷</Filter>
    </ClCompile>
    <ClCompile Include="P1199 [NOIP2010 普及组] 三国游戏.cpp">
      <Filter>源文件\洛谷</Filter>
    </ClCompile>
    <ClCompile Include="P1488 肥猫的游戏.cpp">
      <Filter>源文件\洛谷</Filter>
    </ClCompile>
    <ClCompile Include="P1774 最接近神的人.cpp">
      <Filter>源文件\洛谷</Filter>
    </ClCompile>
    <ClCompile Include="P1972 [SDOI2009] HH的项链.cpp">
      <Filter>源文件\洛谷</Filter>
    </ClCompile>
    <ClCompile Include="P2059 [JLOI2013] 卡牌游戏.cpp">
      <Filter>源文件\洛谷</Filter>
    </ClCompile>
    <ClCompile Include="P2197 【模板】Nim 游戏.cpp">
      <Filter>源文件\洛谷</Filter>
    </ClCompile>
    <ClCompile Include="P3620 [CTSC2007] 数据备份.cpp">
      <Filter>源文件\洛谷</Filter>
    </ClCompile>
    <ClCompile Include="P4805 [CCC2016] 合并饭团.cpp">
      <Filter>源文件\洛谷</Filter>
    </ClCompile>
    <ClCompile Include="P10115 [LMXOI Round 1] Placer.cpp">
      <Filter>源文件\洛谷</Filter>
    </ClCompile>
    <ClCompile Include="P2415 集合求和.cpp">
      <Filter>源文件\洛谷</Filter>
    </ClCompile>
    <ClCompile Include="P6833 [Cnoi2020] 雷雨.cpp">
      <Filter>源文件\洛谷</Filter>
    </ClCompile>
    <ClCompile Include="P3128 [USACO15DEC] Max Flow P.cpp">
      <Filter>源文件\洛谷</Filter>
    </ClCompile>
    <ClCompile Include="P8805 [蓝桥杯 2022 国 B] 机房.cpp">
      <Filter>源文件\洛谷</Filter>
    </ClCompile>
    <ClCompile Include="P3258 [JLOI2014] 松鼠的新家.cpp">
      <Filter>源文件\洛谷</Filter>
    </ClCompile>
    <ClCompile Include="图-严格次小生成树.cpp">
      <Filter>源文件\样例</Filter>
    </ClCompile>
    <ClCompile Include="P4427 [BJOI2018] 求和.cpp">
      <Filter>源文件\洛谷</Filter>
    </ClCompile>
    <ClCompile Include="P6869 [COCI2019-2020#5] Putovanje.cpp">
      <Filter>源文件\洛谷</Filter>
    </ClCompile>
    <ClCompile Include="P8855 [POI2002] 商务旅行.cpp">
      <Filter>源文件\洛谷</Filter>
    </ClCompile>
    <ClCompile Include="线段树.cpp">
      <Filter>源文件\样例</Filter>
    </ClCompile>
    <ClCompile Include="P3372 【模板】线段树 1.cpp">
      <Filter>源文件\洛谷</Filter>
    </ClCompile>
    <ClCompile Include="P1892 [BOI2003] 团伙.cpp">
      <Filter>源文件\洛谷</Filter>
    </ClCompile>
    <ClCompile Include="P1196 [NOI2002] 银河英雄传说.cpp">
      <Filter>源文件\洛谷</Filter>
    </ClCompile>
    <ClCompile Include="P1198 [JSOI2008] 最大数.cpp">
      <Filter>源文件\洛谷</Filter>
    </ClCompile>
    <ClCompile Include="P1253 扶苏的问题.cpp">
      <Filter>源文件\洛谷</Filter>
    </ClCompile>
    <ClCompile Include="P1197 [JSOI2008] 星球大战.cpp">
      <Filter>源文件\洛谷</Filter>
    </ClCompile>
    <ClCompile Include="P9753 [CSP-S 2023] 消消乐 区间dp方法.cpp">
      <Filter>源文件\洛谷</Filter>
    </ClCompile>
    <ClCompile Include="P9752 [CSP-S 2023] 密码锁.cpp">
      <Filter>源文件\洛谷</Filter>
    </ClCompile>
    <ClCompile Include="P9754 [CSP-S 2023] 结构体.cpp">
      <Filter>源文件\洛谷</Filter>
    </ClCompile>
    <ClCompile Include="P3076 [USACO13FEB] Taxi G.cpp">
      <Filter>源文件\洛谷</Filter>
    </ClCompile>
    <ClCompile Include="P3373 【模板】线段树 2.cpp">
      <Filter>源文件\洛谷</Filter>
    </ClCompile>
    <ClCompile Include="P2640 神秘磁石.cpp">
      <Filter>源文件\洛谷</Filter>
    </ClCompile>
    <ClCompile Include="P1309 [NOIP2011 普及组] 瑞士轮.cpp">
      <Filter>源文件\洛谷</Filter>
    </ClCompile>
    <ClCompile Include="T513396 西瓜最甜的芯.cpp">
      <Filter>源文件\洛谷</Filter>
    </ClCompile>
    <ClCompile Include="CF1042D.cpp">
      <Filter>源文件\洛谷</Filter>
    </ClCompile>
    <ClCompile Include="P10448 组合型枚举.cpp">
      <Filter>源文件\洛谷</Filter>
    </ClCompile>
    <ClCompile Include="P1155 [NOIP2008 提高组] 双栈排序.cpp">
      <Filter>源文件\洛谷</Filter>
    </ClCompile>
    <ClCompile Include="P1102 A-B 数对.cpp">
      <Filter>源文件\洛谷</Filter>
    </ClCompile>
    <ClCompile Include="P1038 [NOIP2003 提高组] 神经网络.cpp">
      <Filter>源文件\洛谷</Filter>
    </ClCompile>
    <ClCompile Include="P6577 【模板】二分图最大权完美匹配.cpp">
      <Filter>源文件\洛谷</Filter>
    </ClCompile>
    <ClCompile Include="二分图最大匹配-匈牙利算法-无重边.cpp">
      <Filter>源文件\样例</Filter>
    </ClCompile>
    <ClCompile Include="P3386 【模板】二分图最大匹配.cpp">
      <Filter>源文件\洛谷</Filter>
    </ClCompile>
    <ClCompile Include="P11227 [CSP-J 2024] 扑克牌（民间数据）.cpp">
      <Filter>源文件\洛谷</Filter>
    </ClCompile>
    <ClCompile Include="P11228 [CSP-J 2024] 地图探险（民间数据）.cpp">
      <Filter>源文件\洛谷</Filter>
    </ClCompile>
    <ClCompile Include="P11229 [CSP-J 2024] 小木棍（民间数据）暴力搜索方法.cpp">
      <Filter>源文件\洛谷</Filter>
    </ClCompile>
    <ClCompile Include="P3967 [TJOI2014] 匹配.cpp">
      <Filter>源文件\洛谷</Filter>
    </ClCompile>
    <ClCompile Include="P11229 [CSP-J 2024] 小木棍 (民间数据)  规律法.cpp">
      <Filter>源文件\洛谷</Filter>
    </ClCompile>
    <ClCompile Include="P1396 营救.cpp">
      <Filter>源文件\洛谷</Filter>
    </ClCompile>
    <ClCompile Include="P11231 [CSP-S 2024] 决斗 (官方数据).cpp">
      <Filter>源文件\洛谷</Filter>
    </ClCompile>
    <ClCompile Include="P11232 [CSP-S 2024] 超速检测(官方数据).cpp">
      <Filter>源文件\洛谷</Filter>
    </ClCompile>
    <ClCompile Include="P1502 窗口的星星.cpp">
      <Filter>源文件\洛谷</Filter>
    </ClCompile>
    <ClCompile Include="P9145 [THUPC 2023 初赛] 世界杯.cpp">
      <Filter>源文件\洛谷</Filter>
    </ClCompile>
    <ClCompile Include="P1941 [NOIP2014 提高组] 飞扬的小鸟.cpp">
      <Filter>源文件\洛谷</Filter>
    </ClCompile>
    <ClCompile Include="P11233 [CSP-S 2024] 染色(官方数据).cpp">
      <Filter>源文件\洛谷</Filter>
    </ClCompile>
    <ClCompile Include="P4014 分配问题.cpp">
      <Filter>源文件\洛谷</Filter>
    </ClCompile>
    <ClCompile Include="T472655 茫茫的不归路.cpp">
      <Filter>源文件\洛谷</Filter>
    </ClCompile>
    <ClCompile Include="T470314 纷飞的樱花雨.cpp">
      <Filter>源文件\洛谷</Filter>
    </ClCompile>
    <ClCompile Include="T366125 无穷的迭代器.cpp">
      <Filter>源文件\洛谷</Filter>
    </ClCompile>
    <ClCompile Include="T532927 漫长的小纸带.cpp">
      <Filter>源文件\洛谷</Filter>
    </ClCompile>
    <ClCompile Include="P1285 队员分组.cpp">
      <Filter>源文件\洛谷</Filter>
    </ClCompile>
    <ClCompile Include="P1640 [SCOI2010] 连续攻击游戏.cpp">
      <Filter>源文件\洛谷</Filter>
    </ClCompile>
    <ClCompile Include="P2055 [ZJOI2009] 假期的宿舍.cpp">
      <Filter>源文件\洛谷</Filter>
    </ClCompile>
    <ClCompile Include="P3870 [TJOI2009] 开关.cpp">
      <Filter>源文件\洛谷</Filter>
    </ClCompile>
    <ClCompile Include="P1907 设计道路.cpp">
      <Filter>源文件\洛谷</Filter>
    </ClCompile>
    <ClCompile Include="U508232 Iterators for Infinity.cpp">
      <Filter>源文件\洛谷</Filter>
    </ClCompile>
    <ClCompile Include="P11361 [NOIP2024] 编辑字符串（民间数据）.cpp">
      <Filter>源文件\洛谷</Filter>
    </ClCompile>
    <ClCompile Include="P1005 [NOIP2007 提高组] 矩阵取数游戏.cpp">
      <Filter>源文件\洛谷</Filter>
    </ClCompile>
    <ClCompile Include="P3740 [HAOI2014] 贴海报.cpp">
      <Filter>源文件\洛谷</Filter>
    </ClCompile>
    <ClCompile Include="P1351 [NOIP2014 提高组] 联合权值.cpp">
      <Filter>源文件\洛谷</Filter>
    </ClCompile>
  </ItemGroup>
  <ItemGroup>
    <None Include="input.txt">
      <Filter>资源文件</Filter>
    </None>
    <None Include="..\..\Downloads\P4180_1.in">
      <Filter>资源文件\洛谷测试点</Filter>
    </None>
    <None Include="..\..\Downloads\P4180_1.out">
      <Filter>资源文件\洛谷测试点</Filter>
    </None>
    <None Include="..\..\Downloads\P1073_1.out">
      <Filter>资源文件\洛谷测试点</Filter>
    </None>
    <None Include="..\..\Downloads\P1073_1.in">
      <Filter>资源文件\洛谷测试点</Filter>
    </None>
    <None Include="..\..\Downloads\P3379_1.in">
      <Filter>资源文件\洛谷测试点</Filter>
    </None>
    <None Include="..\..\Downloads\P3379_1.out">
      <Filter>资源文件\洛谷测试点</Filter>
    </None>
    <None Include="..\..\Downloads\P3620_2.out">
      <Filter>资源文件\洛谷测试点</Filter>
    </None>
    <None Include="..\..\Downloads\P3620_2.in">
      <Filter>资源文件\洛谷测试点</Filter>
    </None>
    <None Include="..\..\Downloads\P1220_1.in">
      <Filter>资源文件\洛谷测试点</Filter>
    </None>
    <None Include="..\..\Downloads\P1220_1.out">
      <Filter>资源文件\洛谷测试点</Filter>
    </None>
    <None Include="..\..\Downloads\P1902_1.out">
      <Filter>资源文件\洛谷测试点</Filter>
    </None>
    <None Include="..\..\Downloads\P1902_1.in">
      <Filter>资源文件\洛谷测试点</Filter>
    </None>
    <None Include="..\..\Downloads\P1736_2.in">
      <Filter>资源文件\洛谷测试点</Filter>
    </None>
    <None Include="..\..\Downloads\P1736_2.out">
      <Filter>资源文件\洛谷测试点</Filter>
    </None>
    <None Include="..\..\Downloads\P1941_3.out">
      <Filter>资源文件\洛谷测试点</Filter>
    </None>
    <None Include="..\..\Downloads\P1941_3.in">
      <Filter>资源文件\洛谷测试点</Filter>
    </None>
    <None Include="..\..\Downloads\P1941_1(2).out">
      <Filter>资源文件\洛谷测试点</Filter>
    </None>
    <None Include="..\..\Downloads\P1941_1(1).in">
      <Filter>资源文件\洛谷测试点</Filter>
    </None>
    <None Include="..\..\Downloads\P1941_1(1).out">
      <Filter>资源文件\洛谷测试点</Filter>
    </None>
    <None Include="..\..\Downloads\P1042_2.in">
      <Filter>资源文件\洛谷测试点</Filter>
    </None>
    <None Include="..\..\Downloads\P1042_2.out">
      <Filter>资源文件\洛谷测试点</Filter>
    </None>
    <None Include="..\..\Downloads\P1042_1.in">
      <Filter>资源文件\洛谷测试点</Filter>
    </None>
    <None Include="..\..\Downloads\P1042_1.out">
      <Filter>资源文件\洛谷测试点</Filter>
    </None>
    <None Include="..\..\Downloads\P1941_8.in">
      <Filter>资源文件\洛谷测试点</Filter>
    </None>
    <None Include="..\..\Downloads\P1941_8.out">
      <Filter>资源文件\洛谷测试点</Filter>
    </None>
    <None Include="..\..\Downloads\P1941_4.out">
      <Filter>资源文件\洛谷测试点</Filter>
    </None>
    <None Include="..\..\Downloads\P1941_4.in">
      <Filter>资源文件\洛谷测试点</Filter>
    </None>
    <None Include="..\..\Downloads\P1941_1.out">
      <Filter>资源文件\洛谷测试点</Filter>
    </None>
    <None Include="..\..\Downloads\P1941_1.in">
      <Filter>资源文件\洛谷测试点</Filter>
    </None>
    <None Include="..\..\Downloads\P2347_2.in">
      <Filter>资源文件\洛谷测试点</Filter>
    </None>
    <None Include="..\..\Downloads\P2347_2.out">
      <Filter>资源文件\洛谷测试点</Filter>
    </None>
    <None Include="..\..\Downloads\P1853_1.out">
      <Filter>资源文件\洛谷测试点</Filter>
    </None>
    <None Include="..\..\Downloads\P1757_5.out">
      <Filter>资源文件\洛谷测试点</Filter>
    </None>
    <None Include="..\..\Downloads\P1757_5.in">
      <Filter>资源文件\洛谷测试点</Filter>
    </None>
    <None Include="..\..\Downloads\P1757_1.out">
      <Filter>资源文件\洛谷测试点</Filter>
    </None>
    <None Include="..\..\Downloads\P1757_1.in">
      <Filter>资源文件\洛谷测试点</Filter>
    </None>
    <None Include="..\..\Downloads\P1048_2.out">
      <Filter>资源文件\洛谷测试点</Filter>
    </None>
    <None Include="..\..\Downloads\P1048_2.in">
      <Filter>资源文件\洛谷测试点</Filter>
    </None>
    <None Include="..\..\Downloads\P1462_12.out">
      <Filter>资源文件\洛谷测试点</Filter>
    </None>
    <None Include="..\..\Downloads\P1462_12.in">
      <Filter>资源文件\洛谷测试点</Filter>
    </None>
    <None Include="..\..\Downloads\P1462_8.in">
      <Filter>资源文件\洛谷测试点</Filter>
    </None>
    <None Include="..\..\Downloads\P1462_8.out">
      <Filter>资源文件\洛谷测试点</Filter>
    </None>
    <None Include="..\..\Downloads\P1807_2.out">
      <Filter>资源文件\洛谷测试点</Filter>
    </None>
    <None Include="..\..\Downloads\P1807_2.in">
      <Filter>资源文件\洛谷测试点</Filter>
    </None>
    <None Include="..\..\Downloads\P5663_6.out">
      <Filter>资源文件\洛谷测试点</Filter>
    </None>
    <None Include="..\..\Downloads\P5663_6.in">
      <Filter>资源文件\洛谷测试点</Filter>
    </None>
    <None Include="..\..\Downloads\P1158_7.in">
      <Filter>资源文件\洛谷测试点</Filter>
    </None>
    <None Include="..\..\Downloads\P1529_3.out">
      <Filter>资源文件\洛谷测试点</Filter>
    </None>
    <None Include="..\..\Downloads\P1529_3.in">
      <Filter>资源文件\洛谷测试点</Filter>
    </None>
    <None Include="..\..\Downloads\P4779_1.out">
      <Filter>资源文件\洛谷测试点</Filter>
    </None>
    <None Include="..\..\Downloads\P4779_1.in">
      <Filter>资源文件\洛谷测试点</Filter>
    </None>
    <None Include="..\..\Downloads\P3366_3.in">
      <Filter>资源文件\洛谷测试点</Filter>
    </None>
    <None Include="..\..\Downloads\P3366_8.in">
      <Filter>资源文件\洛谷测试点</Filter>
    </None>
    <None Include="..\..\Downloads\P3366_2.in">
      <Filter>资源文件\洛谷测试点</Filter>
    </None>
    <None Include="..\..\Downloads\P3366_2.out">
      <Filter>资源文件\洛谷测试点</Filter>
    </None>
    <None Include="..\..\Downloads\P3366_1.out">
      <Filter>资源文件\洛谷测试点</Filter>
    </None>
    <None Include="..\..\Downloads\P3366_1.in">
      <Filter>资源文件\洛谷测试点</Filter>
    </None>
  </ItemGroup>
  <ItemGroup>
    <Text Include="output.txt">
      <Filter>资源文件</Filter>
    </Text>
  </ItemGroup>
  <ItemGroup>
    <ClInclude Include="unsigned_large_int.h">
      <Filter>头文件</Filter>
    </ClInclude>
  </ItemGroup>
</Project>